
Microsoft Visual Studio Solution File, Format Version 12.00
# Visual Studio Version 17
VisualStudioVersion = 17.9.34902.65
MinimumVisualStudioVersion = 10.0.40219.1
Project("{FAE04EC0-301F-11D3-BF4B-00C04F79EFBC}") = "SplitTextFileBySize", "SplitTextFileBySize\SplitTextFileBySize.csproj", "{548A1FC6-4726-4CD4-AC1F-1911AD2E6B3B}"
EndProject
Global
	GlobalSection(SolutionConfigurationPlatforms) = preSolution
		Debug|Any CPU = Debug|Any CPU
		Release|Any CPU = Release|Any CPU
	EndGlobalSection
	GlobalSection(ProjectConfigurationPlatforms) = postSolution
		{548A1FC6-4726-4CD4-AC1F-1911AD2E6B3B}.Debug|Any CPU.ActiveCfg = Debug|Any CPU
		{548A1FC6-4726-4CD4-AC1F-1911AD2E6B3B}.Debug|Any CPU.Build.0 = Debug|Any CPU
		{548A1FC6-4726-4CD4-AC1F-1911AD2E6B3B}.Release|Any CPU.ActiveCfg = Release|Any CPU
		{548A1FC6-4726-4CD4-AC1F-1911AD2E6B3B}.Release|Any CPU.Build.0 = Release|Any CPU
	EndGlobalSection
	GlobalSection(SolutionProperties) = preSolution
		HideSolutionNode = FALSE
	EndGlobalSection
	GlobalSection(ExtensibilityGlobals) = postSolution
		SolutionGuid = {2007FDF4-4D8C-44EA-8F1E-DF1738591FEF}
	EndGlobalSection
EndGlobal
